{
    "name": "node-red-contrib-tak-registration",
    "version": "1.0.1",
    "lockfileVersion": 3,
    "requires": true,
    "packages": {
        "": {
            "name": "node-red-contrib-tak-registration",
            "version": "1.0.1",
            "bundleDependencies": [
                "@turf/helpers",
                "@turf/centroid",
                "adm-zip",
                "axios",
                "fast-xml-parser",
                "form-data",
                "long",
                "protobufjs",
                "uuid"
            ],
            "license": "Apache-2.0",
            "dependencies": {
                "@turf/centroid": "7.3.5",
                "@turf/helpers": "7.3.5",
                "adm-zip": "0.6.0",
                "axios": "1.18.1",
                "fast-xml-parser": "5.9.3",
                "form-data": "4.0.6",
                "long": "5.3.2",
                "protobufjs": "8.7.0",
                "uuid": "14.0.1"
            },
            "engines": {
                "node": ">=22"
            }
        },
        "node_modules/@nodable/entities": {
            "version": "2.2.0",
            "resolved": "https://registry.npmjs.org/@nodable/entities/-/entities-2.2.0.tgz",
            "integrity": "sha512-9uGyhaQavEUMC8AIddIjau4NsnsXhou+j5sBAGojCM1oxmQpVKTWR/9JxABD6UAv12vpIms55fPZKFQEhG6uBg==",
            "funding": [
                {
                    "type": "github",
                    "url": "https://github.com/sponsors/nodable"
                }
            ],
            "inBundle": true,
            "license": "MIT"
        },
        "node_modules/@turf/centroid": {
            "version": "7.3.5",
            "resolved": "https://registry.npmjs.org/@turf/centroid/-/centroid-7.3.5.tgz",
            "integrity": "sha512-hkWaqwGFdOn6Tf0EWfn2yn1XZ1FWE1h2C5ZWstDMu/FxYO5DB+YjlmOFPl4K6SmSOEgdV07eK2vDCyPeTHqKGA==",
            "inBundle": true,
            "license": "MIT",
            "dependencies": {
                "@turf/helpers": "7.3.5",
                "@turf/meta": "7.3.5",
                "@types/geojson": "^7946.0.10",
                "tslib": "^2.8.1"
            },
            "funding": {
                "url": "https://opencollective.com/turf"
            }
        },
        "node_modules/@turf/helpers": {
            "version": "7.3.5",
            "resolved": "https://registry.npmjs.org/@turf/helpers/-/helpers-7.3.5.tgz",
            "integrity": "sha512-E/NMGV5MwbjjP7AJXBtsanC3yY8N2MQ87IGdIgkB2ji5AtBpwnH4L3gEqpYN4RlCJJWbLbzO91BbKv2waUd0eg==",
            "inBundle": true,
            "license": "MIT",
            "dependencies": {
                "@types/geojson": "^7946.0.10",
                "tslib": "^2.8.1"
            },
            "funding": {
                "url": "https://opencollective.com/turf"
            }
        },
        "node_modules/@turf/meta": {
            "version": "7.3.5",
            "resolved": "https://registry.npmjs.org/@turf/meta/-/meta-7.3.5.tgz",
            "integrity": "sha512-r+ohqxoyqeigFB0oFrQx/YEHIkOKqcKpCjvZkvZs7Tkv+IFco5MezAd2zd4rzK+0DfFgDP3KpJc7HqrYjvEjhg==",
            "inBundle": true,
            "license": "MIT",
            "dependencies": {
                "@turf/helpers": "7.3.5",
                "@types/geojson": "^7946.0.10",
                "tslib": "^2.8.1"
            },
            "funding": {
                "url": "https://opencollective.com/turf"
            }
        },
        "node_modules/@types/geojson": {
            "version": "7946.0.16",
            "resolved": "https://registry.npmjs.org/@types/geojson/-/geojson-7946.0.16.tgz",
            "integrity": "sha512-6C8nqWur3j98U6+lXDfTUWIfgvZU+EumvpHKcYjujKH7woYyLj2sUmff0tRhrqM7BohUw7Pz3ZB1jj2gW9Fvmg==",
            "inBundle": true,
            "license": "MIT"
        },
        "node_modules/adm-zip": {
            "version": "0.6.0",
            "resolved": "https://registry.npmjs.org/adm-zip/-/adm-zip-0.6.0.tgz",
            "integrity": "sha512-XleryMhbuksdKtofnWZ9Sk+4CUTbms4Mb/EU32SZwToAyZ5RgVos/ki8n+yr0LWHOGKuakbXTuuYNHLQjhddgg==",
            "inBundle": true,
            "license": "MIT",
            "engines": {
                "node": ">=14.0"
            }
        },
        "node_modules/agent-base": {
            "version": "6.0.2",
            "resolved": "https://registry.npmjs.org/agent-base/-/agent-base-6.0.2.tgz",
            "integrity": "sha512-RZNwNclF7+MS/8bDg70amg32dyeZGZxiDuQmZxKLAlQjr3jGyLx+4Kkk58UO7D2QdgFIQCovuSuZESne6RG6XQ==",
            "inBundle": true,
            "license": "MIT",
            "dependencies": {
                "debug": "4"
            },
            "engines": {
                "node": ">= 6.0.0"
            }
        },
        "node_modules/anynum": {
            "version": "1.0.1",
            "resolved": "https://registry.npmjs.org/anynum/-/anynum-1.0.1.tgz",
            "integrity": "sha512-N6//FLET/tXYNM/F6ABca1oH6fWB+KlTt909Le28WMDBk8oaT4vY17DCrwg2MvmuqUKt3Ni4N5dGJ/EoBgcO6A==",
            "funding": [
                {
                    "type": "github",
                    "url": "https://github.com/sponsors/NaturalIntelligence"
                }
            ],
            "inBundle": true,
            "license": "MIT"
        },
        "node_modules/asynckit": {
            "version": "0.4.0",
            "resolved": "https://registry.npmjs.org/asynckit/-/asynckit-0.4.0.tgz",
            "integrity": "sha512-Oei9OH4tRh0YqU3GxhX79dM/mwVgvbZJaSNaRk+bshkj0S5cfHcgYakreBjrHwatXKbz+IoIdYLxrKim2MjW0Q==",
            "inBundle": true,
            "license": "MIT"
        },
        "node_modules/axios": {
            "version": "1.18.1",
            "resolved": "https://registry.npmjs.org/axios/-/axios-1.18.1.tgz",
            "integrity": "sha512-3nTvFlvpn9Zu/RkHUqtc7/+al4UpRW5az71ap5zccp6e8RAYEzhMTecX8Dz1wWDYrPpUoB1HAQEGEAEvUr7S9g==",
            "inBundle": true,
            "license": "MIT",
            "dependencies": {
                "follow-redirects": "^1.16.0",
                "form-data": "^4.0.5",
                "https-proxy-agent": "^5.0.1",
                "proxy-from-env": "^2.1.0"
            }
        },
        "node_modules/call-bind-apply-helpers": {
            "version": "1.0.2",
            "resolved": "https://registry.npmjs.org/call-bind-apply-helpers/-/call-bind-apply-helpers-1.0.2.tgz",
            "integrity": "sha512-Sp1ablJ0ivDkSzjcaJdxEunN5/XvksFJ2sMBFfq6x0ryhQV/2b/KwFe21cMpmHtPOSij8K99/wSfoEuTObmuMQ==",
            "inBundle": true,
            "license": "MIT",
            "dependencies": {
                "es-errors": "^1.3.0",
                "function-bind": "^1.1.2"
            },
            "engines": {
                "node": ">= 0.4"
            }
        },
        "node_modules/combined-stream": {
            "version": "1.0.8",
            "resolved": "https://registry.npmjs.org/combined-stream/-/combined-stream-1.0.8.tgz",
            "integrity": "sha512-FQN4MRfuJeHf7cBbBMJFXhKSDq+2kAArBlmRBvcvFE5BB1HZKXtSFASDhdlz9zOYwxh8lDdnvmMOe/+5cdoEdg==",
            "inBundle": true,
            "license": "MIT",
            "dependencies": {
                "delayed-stream": "~1.0.0"
            },
            "engines": {
                "node": ">= 0.8"
            }
        },
        "node_modules/debug": {
            "version": "4.4.3",
            "resolved": "https://registry.npmjs.org/debug/-/debug-4.4.3.tgz",
            "integrity": "sha512-RGwwWnwQvkVfavKVt22FGLw+xYSdzARwm0ru6DhTVA3umU5hZc28V3kO4stgYryrTlLpuvgI9GiijltAjNbcqA==",
            "inBundle": true,
            "license": "MIT",
            "dependencies": {
                "ms": "^2.1.3"
            },
            "engines": {
                "node": ">=6.0"
            },
            "peerDependenciesMeta": {
                "supports-color": {
                    "optional": true
                }
            }
        },
        "node_modules/delayed-stream": {
            "version": "1.0.0",
            "resolved": "https://registry.npmjs.org/delayed-stream/-/delayed-stream-1.0.0.tgz",
            "integrity": "sha512-ZySD7Nf91aLB0RxL4KGrKHBXl7Eds1DAmEdcoVawXnLD7SDhpNgtuII2aAkg7a7QS41jxPSZ17p4VdGnMHk3MQ==",
            "inBundle": true,
            "license": "MIT",
            "engines": {
                "node": ">=0.4.0"
            }
        },
        "node_modules/dunder-proto": {
            "version": "1.0.1",
            "resolved": "https://registry.npmjs.org/dunder-proto/-/dunder-proto-1.0.1.tgz",
            "integrity": "sha512-KIN/nDJBQRcXw0MLVhZE9iQHmG68qAVIBg9CqmUYjmQIhgij9U5MFvrqkUL5FbtyyzZuOeOt0zdeRe4UY7ct+A==",
            "inBundle": true,
            "license": "MIT",
            "dependencies": {
                "call-bind-apply-helpers": "^1.0.1",
                "es-errors": "^1.3.0",
                "gopd": "^1.2.0"
            },
            "engines": {
                "node": ">= 0.4"
            }
        },
        "node_modules/es-define-property": {
            "version": "1.0.1",
            "resolved": "https://registry.npmjs.org/es-define-property/-/es-define-property-1.0.1.tgz",
            "integrity": "sha512-e3nRfgfUZ4rNGL232gUgX06QNyyez04KdjFrF+LTRoOXmrOgFKDg4BCdsjW8EnT69eqdYGmRpJwiPVYNrCaW3g==",
            "inBundle": true,
            "license": "MIT",
            "engines": {
                "node": ">= 0.4"
            }
        },
        "node_modules/es-errors": {
            "version": "1.3.0",
            "resolved": "https://registry.npmjs.org/es-errors/-/es-errors-1.3.0.tgz",
            "integrity": "sha512-Zf5H2Kxt2xjTvbJvP2ZWLEICxA6j+hAmMzIlypy4xcBg1vKVnx89Wy0GbS+kf5cwCVFFzdCFh2XSCFNULS6csw==",
            "inBundle": true,
            "license": "MIT",
            "engines": {
                "node": ">= 0.4"
            }
        },
        "node_modules/es-object-atoms": {
            "version": "1.1.1",
            "resolved": "https://registry.npmjs.org/es-object-atoms/-/es-object-atoms-1.1.1.tgz",
            "integrity": "sha512-FGgH2h8zKNim9ljj7dankFPcICIK9Cp5bm+c2gQSYePhpaG5+esrLODihIorn+Pe6FGJzWhXQotPv73jTaldXA==",
            "inBundle": true,
            "license": "MIT",
            "dependencies": {
                "es-errors": "^1.3.0"
            },
            "engines": {
                "node": ">= 0.4"
            }
        },
        "node_modules/es-set-tostringtag": {
            "version": "2.1.0",
            "resolved": "https://registry.npmjs.org/es-set-tostringtag/-/es-set-tostringtag-2.1.0.tgz",
            "integrity": "sha512-j6vWzfrGVfyXxge+O0x5sh6cvxAog0a/4Rdd2K36zCMV5eJ+/+tOAngRO8cODMNWbVRdVlmGZQL2YS3yR8bIUA==",
            "inBundle": true,
            "license": "MIT",
            "dependencies": {
                "es-errors": "^1.3.0",
                "get-intrinsic": "^1.2.6",
                "has-tostringtag": "^1.0.2",
                "hasown": "^2.0.2"
            },
            "engines": {
                "node": ">= 0.4"
            }
        },
        "node_modules/fast-xml-builder": {
            "version": "1.2.0",
            "resolved": "https://registry.npmjs.org/fast-xml-builder/-/fast-xml-builder-1.2.0.tgz",
            "integrity": "sha512-00aAWieqff+ZJhsXA4g1g7M8k+7AYoMUUHF+/zFb5U6Uv/P0Vl4QZo84/IcufzYalLuEj9928bXN9PbbFzMF0Q==",
            "funding": [
                {
                    "type": "github",
                    "url": "https://github.com/sponsors/NaturalIntelligence"
                }
            ],
            "inBundle": true,
            "license": "MIT",
            "dependencies": {
                "path-expression-matcher": "^1.5.0",
                "xml-naming": "^0.1.0"
            }
        },
        "node_modules/fast-xml-parser": {
            "version": "5.9.3",
            "resolved": "https://registry.npmjs.org/fast-xml-parser/-/fast-xml-parser-5.9.3.tgz",
            "integrity": "sha512-brCNCeScma/kqa54J4PIDriSSSLssRkuYaUCpvHJulGc3HGI/xxKUCTDcYkAdqJsyb//ydpbxecjC3hB9+tb/g==",
            "funding": [
                {
                    "type": "github",
                    "url": "https://github.com/sponsors/NaturalIntelligence"
                }
            ],
            "inBundle": true,
            "license": "MIT",
            "dependencies": {
                "@nodable/entities": "^2.2.0",
                "fast-xml-builder": "^1.2.0",
                "is-unsafe": "^1.0.1",
                "path-expression-matcher": "^1.5.0",
                "strnum": "^2.4.1",
                "xml-naming": "^0.1.0"
            },
            "bin": {
                "fxparser": "src/cli/cli.js"
            }
        },
        "node_modules/follow-redirects": {
            "version": "1.16.0",
            "resolved": "https://registry.npmjs.org/follow-redirects/-/follow-redirects-1.16.0.tgz",
            "integrity": "sha512-y5rN/uOsadFT/JfYwhxRS5R7Qce+g3zG97+JrtFZlC9klX/W5hD7iiLzScI4nZqUS7DNUdhPgw4xI8W2LuXlUw==",
            "funding": [
                {
                    "type": "individual",
                    "url": "https://github.com/sponsors/RubenVerborgh"
                }
            ],
            "inBundle": true,
            "license": "MIT",
            "engines": {
                "node": ">=4.0"
            },
            "peerDependenciesMeta": {
                "debug": {
                    "optional": true
                }
            }
        },
        "node_modules/form-data": {
            "version": "4.0.6",
            "resolved": "https://registry.npmjs.org/form-data/-/form-data-4.0.6.tgz",
            "integrity": "sha512-vKatAh4SlVfgbv+YtmhiRjhEMJsYpsG1Y2rMQtR+SVSbytsSD1YGzDIcrAJmdFec88u/+VoGmxnl+80gL1tRCQ==",
            "inBundle": true,
            "license": "MIT",
            "dependencies": {
                "asynckit": "^0.4.0",
                "combined-stream": "^1.0.8",
                "es-set-tostringtag": "^2.1.0",
                "hasown": "^2.0.4",
                "mime-types": "^2.1.35"
            },
            "engines": {
                "node": ">= 6"
            }
        },
        "node_modules/function-bind": {
            "version": "1.1.2",
            "resolved": "https://registry.npmjs.org/function-bind/-/function-bind-1.1.2.tgz",
            "integrity": "sha512-7XHNxH7qX9xG5mIwxkhumTox/MIRNcOgDrxWsMt2pAr23WHp6MrRlN7FBSFpCpr+oVO0F744iUgR82nJMfG2SA==",
            "inBundle": true,
            "license": "MIT",
            "funding": {
                "url": "https://github.com/sponsors/ljharb"
            }
        },
        "node_modules/get-intrinsic": {
            "version": "1.3.0",
            "resolved": "https://registry.npmjs.org/get-intrinsic/-/get-intrinsic-1.3.0.tgz",
            "integrity": "sha512-9fSjSaos/fRIVIp+xSJlE6lfwhES7LNtKaCBIamHsjr2na1BiABJPo0mOjjz8GJDURarmCPGqaiVg5mfjb98CQ==",
            "inBundle": true,
            "license": "MIT",
            "dependencies": {
                "call-bind-apply-helpers": "^1.0.2",
                "es-define-property": "^1.0.1",
                "es-errors": "^1.3.0",
                "es-object-atoms": "^1.1.1",
                "function-bind": "^1.1.2",
                "get-proto": "^1.0.1",
                "gopd": "^1.2.0",
                "has-symbols": "^1.1.0",
                "hasown": "^2.0.2",
                "math-intrinsics": "^1.1.0"
            },
            "engines": {
                "node": ">= 0.4"
            },
            "funding": {
                "url": "https://github.com/sponsors/ljharb"
            }
        },
        "node_modules/get-proto": {
            "version": "1.0.1",
            "resolved": "https://registry.npmjs.org/get-proto/-/get-proto-1.0.1.tgz",
            "integrity": "sha512-sTSfBjoXBp89JvIKIefqw7U2CCebsc74kiY6awiGogKtoSGbgjYE/G/+l9sF3MWFPNc9IcoOC4ODfKHfxFmp0g==",
            "inBundle": true,
            "license": "MIT",
            "dependencies": {
                "dunder-proto": "^1.0.1",
                "es-object-atoms": "^1.0.0"
            },
            "engines": {
                "node": ">= 0.4"
            }
        },
        "node_modules/gopd": {
            "version": "1.2.0",
            "resolved": "https://registry.npmjs.org/gopd/-/gopd-1.2.0.tgz",
            "integrity": "sha512-ZUKRh6/kUFoAiTAtTYPZJ3hw9wNxx+BIBOijnlG9PnrJsCcSjs1wyyD6vJpaYtgnzDrKYRSqf3OO6Rfa93xsRg==",
            "inBundle": true,
            "license": "MIT",
            "engines": {
                "node": ">= 0.4"
            },
            "funding": {
                "url": "https://github.com/sponsors/ljharb"
            }
        },
        "node_modules/has-symbols": {
            "version": "1.1.0",
            "resolved": "https://registry.npmjs.org/has-symbols/-/has-symbols-1.1.0.tgz",
            "integrity": "sha512-1cDNdwJ2Jaohmb3sg4OmKaMBwuC48sYni5HUw2DvsC8LjGTLK9h+eb1X6RyuOHe4hT0ULCW68iomhjUoKUqlPQ==",
            "inBundle": true,
            "license": "MIT",
            "engines": {
                "node": ">= 0.4"
            },
            "funding": {
                "url": "https://github.com/sponsors/ljharb"
            }
        },
        "node_modules/has-tostringtag": {
            "version": "1.0.2",
            "resolved": "https://registry.npmjs.org/has-tostringtag/-/has-tostringtag-1.0.2.tgz",
            "integrity": "sha512-NqADB8VjPFLM2V0VvHUewwwsw0ZWBaIdgo+ieHtK3hasLz4qeCRjYcqfB6AQrBggRKppKF8L52/VqdVsO47Dlw==",
            "inBundle": true,
            "license": "MIT",
            "dependencies": {
                "has-symbols": "^1.0.3"
            },
            "engines": {
                "node": ">= 0.4"
            },
            "funding": {
                "url": "https://github.com/sponsors/ljharb"
            }
        },
        "node_modules/hasown": {
            "version": "2.0.4",
            "resolved": "https://registry.npmjs.org/hasown/-/hasown-2.0.4.tgz",
            "integrity": "sha512-T2UbfbBEF32wiepXIsMlTW9+dDYC6wMh/t/vYA4tuOMKqWz/n3vr1NFSxQiyP+zk2mXsoMA/i/7qV6LKut1t1A==",
            "inBundle": true,
            "license": "MIT",
            "dependencies": {
                "function-bind": "^1.1.2"
            },
            "engines": {
                "node": ">= 0.4"
            }
        },
        "node_modules/https-proxy-agent": {
            "version": "5.0.1",
            "resolved": "https://registry.npmjs.org/https-proxy-agent/-/https-proxy-agent-5.0.1.tgz",
            "integrity": "sha512-dFcAjpTQFgoLMzC2VwU+C/CbS7uRL0lWmxDITmqm7C+7F0Odmj6s9l6alZc6AELXhrnggM2CeWSXHGOdX2YtwA==",
            "inBundle": true,
            "license": "MIT",
            "dependencies": {
                "agent-base": "6",
                "debug": "4"
            },
            "engines": {
                "node": ">= 6"
            }
        },
        "node_modules/is-unsafe": {
            "version": "1.0.1",
            "resolved": "https://registry.npmjs.org/is-unsafe/-/is-unsafe-1.0.1.tgz",
            "integrity": "sha512-CLK2+VdgERgD96EYm5lUQssZYlRg2tkZnbsxZoacmSiRxiFJ4Nk4SzjCl+Ur+v3kXIY9dTIdb3IH22y1mZ56LA==",
            "funding": [
                {
                    "type": "github",
                    "url": "https://github.com/sponsors/NaturalIntelligence"
                }
            ],
            "inBundle": true,
            "license": "MIT"
        },
        "node_modules/long": {
            "version": "5.3.2",
            "resolved": "https://registry.npmjs.org/long/-/long-5.3.2.tgz",
            "integrity": "sha512-mNAgZ1GmyNhD7AuqnTG3/VQ26o760+ZYBPKjPvugO8+nLbYfX6TVpJPseBvopbdY+qpZ/lKUnmEc1LeZYS3QAA==",
            "inBundle": true,
            "license": "Apache-2.0"
        },
        "node_modules/math-intrinsics": {
            "version": "1.1.0",
            "resolved": "https://registry.npmjs.org/math-intrinsics/-/math-intrinsics-1.1.0.tgz",
            "integrity": "sha512-/IXtbwEk5HTPyEwyKX6hGkYXxM9nbj64B+ilVJnC/R6B0pH5G4V3b0pVbL7DBj4tkhBAppbQUlf6F6Xl9LHu1g==",
            "inBundle": true,
            "license": "MIT",
            "engines": {
                "node": ">= 0.4"
            }
        },
        "node_modules/mime-db": {
            "version": "1.52.0",
            "resolved": "https://registry.npmjs.org/mime-db/-/mime-db-1.52.0.tgz",
            "integrity": "sha512-sPU4uV7dYlvtWJxwwxHD0PuihVNiE7TyAbQ5SWxDCB9mUYvOgroQOwYQQOKPJ8CIbE+1ETVlOoK1UC2nU3gYvg==",
            "inBundle": true,
            "license": "MIT",
            "engines": {
                "node": ">= 0.6"
            }
        },
        "node_modules/mime-types": {
            "version": "2.1.35",
            "resolved": "https://registry.npmjs.org/mime-types/-/mime-types-2.1.35.tgz",
            "integrity": "sha512-ZDY+bPm5zTTF+YpCrAU9nK0UgICYPT0QtT1NZWFv4s++TNkcgVaT0g6+4R2uI4MjQjzysHB1zxuWL50hzaeXiw==",
            "inBundle": true,
            "license": "MIT",
            "dependencies": {
                "mime-db": "1.52.0"
            },
            "engines": {
                "node": ">= 0.6"
            }
        },
        "node_modules/ms": {
            "version": "2.1.3",
            "resolved": "https://registry.npmjs.org/ms/-/ms-2.1.3.tgz",
            "integrity": "sha512-6FlzubTLZG3J2a/NVCAleEhjzq5oxgHyaCU9yYXvcLsvoVaHJq/s5xXI6/XXP6tz7R9xAOtHnSO/tXtF3WRTlA==",
            "inBundle": true,
            "license": "MIT"
        },
        "node_modules/path-expression-matcher": {
            "version": "1.5.0",
            "resolved": "https://registry.npmjs.org/path-expression-matcher/-/path-expression-matcher-1.5.0.tgz",
            "integrity": "sha512-cbrerZV+6rvdQrrD+iGMcZFEiiSrbv9Tfdkvnusy6y0x0GKBXREFg/Y65GhIfm0tnLntThhzCnfKwp1WRjeCyQ==",
            "funding": [
                {
                    "type": "github",
                    "url": "https://github.com/sponsors/NaturalIntelligence"
                }
            ],
            "inBundle": true,
            "license": "MIT",
            "engines": {
                "node": ">=14.0.0"
            }
        },
        "node_modules/protobufjs": {
            "version": "8.7.0",
            "resolved": "https://registry.npmjs.org/protobufjs/-/protobufjs-8.7.0.tgz",
            "integrity": "sha512-uu52JNxLh3vsL7tXU/h0gDaywufvuUCTbGSi0NKQKBZ2ZopkmrWQJSQO/EFqzu/5YhiwgVM8rq/a/iVpx4eZ0g==",
            "inBundle": true,
            "license": "BSD-3-Clause",
            "dependencies": {
                "long": "^5.3.2"
            },
            "engines": {
                "node": ">=12.0.0"
            }
        },
        "node_modules/proxy-from-env": {
            "version": "2.1.0",
            "resolved": "https://registry.npmjs.org/proxy-from-env/-/proxy-from-env-2.1.0.tgz",
            "integrity": "sha512-cJ+oHTW1VAEa8cJslgmUZrc+sjRKgAKl3Zyse6+PV38hZe/V6Z14TbCuXcan9F9ghlz4QrFr2c92TNF82UkYHA==",
            "inBundle": true,
            "license": "MIT",
            "engines": {
                "node": ">=10"
            }
        },
        "node_modules/strnum": {
            "version": "2.4.1",
            "resolved": "https://registry.npmjs.org/strnum/-/strnum-2.4.1.tgz",
            "integrity": "sha512-M9eUSMT2dCB2cTNPG7UYj6KuK7RJR2SN2+yCV/fTW3xzTCS6EaGZ5pSMgDIjB7r8zSfTGk+dvvn9rTjpVS9Mwg==",
            "funding": [
                {
                    "type": "github",
                    "url": "https://github.com/sponsors/NaturalIntelligence"
                }
            ],
            "inBundle": true,
            "license": "MIT",
            "dependencies": {
                "anynum": "^1.0.1"
            }
        },
        "node_modules/tslib": {
            "version": "2.8.1",
            "resolved": "https://registry.npmjs.org/tslib/-/tslib-2.8.1.tgz",
            "integrity": "sha512-oJFu94HQb+KVduSUQL7wnpmqnfmLsOA/nAh6b6EH0wCEoK0/mPeXU6c3wKDV83MkOuHPRHtSXKKU99IBazS/2w==",
            "inBundle": true,
            "license": "0BSD"
        },
        "node_modules/uuid": {
            "version": "14.0.1",
            "resolved": "https://registry.npmjs.org/uuid/-/uuid-14.0.1.tgz",
            "integrity": "sha512-6ZxzVpzDXDa3bJWaHilVayA+BH/1zmxCJoVgvmqJnid/gPoKHxUrS/aC/T6LGQtNHT+XHG9fXPJB4d+IrU30Ew==",
            "funding": [
                "https://github.com/sponsors/broofa",
                "https://github.com/sponsors/ctavan"
            ],
            "inBundle": true,
            "license": "MIT",
            "bin": {
                "uuid": "dist-node/bin/uuid"
            }
        },
        "node_modules/xml-naming": {
            "version": "0.1.0",
            "resolved": "https://registry.npmjs.org/xml-naming/-/xml-naming-0.1.0.tgz",
            "integrity": "sha512-k8KO9hrMyNk6tUWqUfkTEZbezRRpONVOzUTnc97VnCvyj6Tf9lyUR9EDAIeiVLv56jsMcoXEwjW8Kv5yPY52lw==",
            "funding": [
                {
                    "type": "github",
                    "url": "https://github.com/sponsors/NaturalIntelligence"
                }
            ],
            "inBundle": true,
            "license": "MIT",
            "engines": {
                "node": ">=16.0.0"
            }
        }
    }
}
